
Microsoft Visual Studio Solution File, Format Version 12.00
# Visual Studio Version 17
VisualStudioVersion = 17.14.37012.4 d17.14
MinimumVisualStudioVersion = 10.0.40219.1
Project("{FAE04EC0-301F-11D3-BF4B-00C04F79EFBC}") = "TabuadaRevisao", "TabuadaRevisao.csproj", "{79DC6985-CF95-4601-9049-C98FF2A4C35C}"
EndProject
Global
	GlobalSection(SolutionConfigurationPlatforms) = preSolution
		Debug|Any CPU = Debug|Any CPU
		Release|Any CPU = Release|Any CPU
	EndGlobalSection
	GlobalSection(ProjectConfigurationPlatforms) = postSolution
		{79DC6985-CF95-4601-9049-C98FF2A4C35C}.Debug|Any CPU.ActiveCfg = Debug|Any CPU
		{79DC6985-CF95-4601-9049-C98FF2A4C35C}.Debug|Any CPU.Build.0 = Debug|Any CPU
		{79DC6985-CF95-4601-9049-C98FF2A4C35C}.Release|Any CPU.ActiveCfg = Release|Any CPU
		{79DC6985-CF95-4601-9049-C98FF2A4C35C}.Release|Any CPU.Build.0 = Release|Any CPU
	EndGlobalSection
	GlobalSection(SolutionProperties) = preSolution
		HideSolutionNode = FALSE
	EndGlobalSection
	GlobalSection(ExtensibilityGlobals) = postSolution
		SolutionGuid = {2A1CDD5D-B403-40D9-9B59-0172B201A116}
	EndGlobalSection
EndGlobal
